
Microsoft Visual Studio Solution File, Format Version 12.00
Project("{FAE04EC0-301F-11D3-BF4B-00C04F79EFBC}") = "Pluto", "Pluto\Pluto.csproj", "{25896C41-5762-4487-920D-43A12E0BCA51}"
EndProject
Project("{FAE04EC0-301F-11D3-BF4B-00C04F79EFBC}") = "Pluto.Tests", "Pluto.Tests\Pluto.Tests.csproj", "{187B247B-4BBF-4AD6-A238-2E3AE081048F}"
EndProject
Global
	GlobalSection(SolutionConfigurationPlatforms) = preSolution
		Debug|Any CPU = Debug|Any CPU
		Release|Any CPU = Release|Any CPU
	EndGlobalSection
	GlobalSection(ProjectConfigurationPlatforms) = postSolution
		{25896C41-5762-4487-920D-43A12E0BCA51}.Debug|Any CPU.ActiveCfg = Debug|Any CPU
		{25896C41-5762-4487-920D-43A12E0BCA51}.Debug|Any CPU.Build.0 = Debug|Any CPU
		{25896C41-5762-4487-920D-43A12E0BCA51}.Release|Any CPU.ActiveCfg = Release|Any CPU
		{25896C41-5762-4487-920D-43A12E0BCA51}.Release|Any CPU.Build.0 = Release|Any CPU
		{187B247B-4BBF-4AD6-A238-2E3AE081048F}.Debug|Any CPU.ActiveCfg = Debug|Any CPU
		{187B247B-4BBF-4AD6-A238-2E3AE081048F}.Debug|Any CPU.Build.0 = Debug|Any CPU
		{187B247B-4BBF-4AD6-A238-2E3AE081048F}.Release|Any CPU.ActiveCfg = Release|Any CPU
		{187B247B-4BBF-4AD6-A238-2E3AE081048F}.Release|Any CPU.Build.0 = Release|Any CPU
	EndGlobalSection
EndGlobal
